{
  "requires": true,
  "lockfileVersion": 1,
  "dependencies": {
    "aws-sdk": {
      "version": "2.1.8",
      "resolved": "https://registry.npmjs.org/aws-sdk/-/aws-sdk-2.1.8.tgz",
      "integrity": "sha1-9IL/CLBzM3b7SOKMV1zV9kXJSTY=",
      "requires": {
        "xml2js": "0.2.6",
        "xmlbuilder": "0.4.2"
      },
      "dependencies": {
        "xml2js": {
          "version": "0.2.6",
          "resolved": "https://registry.npmjs.org/xml2js/-/xml2js-0.2.6.tgz",
          "integrity": "sha1-0gnE5N2h/JxFIUHvQcB39a399sQ=",
          "requires": {
            "sax": "0.4.2"
          },
          "dependencies": {
            "sax": {
              "version": "0.4.2",
              "resolved": "https://registry.npmjs.org/sax/-/sax-0.4.2.tgz",
              "integrity": "sha1-OfO2AXM9a+yXEFskKipA/Wl4rDw="
            }
          }
        },
        "xmlbuilder": {
          "version": "0.4.2",
          "resolved": "https://registry.npmjs.org/xmlbuilder/-/xmlbuilder-0.4.2.tgz",
          "integrity": "sha1-F3bWXz/brUcKCNhgTN6xxOVA/4M="
        }
      }
    },
    "nodemailer": {
      "version": "4.6.7",
      "resolved": "https://registry.npmjs.org/nodemailer/-/nodemailer-4.6.7.tgz",
      "integrity": "sha512-GIAAYvs9XIP1fBa8wR89ukUh3yjL44pom5LKY5nTZcL+Zp9sRkqL8wgskyBQECQg9CPsDX/fjTZx8MNz20t0jA=="
    }
  }
}
